
Microsoft Visual Studio Solution File, Format Version 12.00
# Visual Studio 15
VisualStudioVersion = 15.0.26124.0
MinimumVisualStudioVersion = 15.0.26124.0
Project("{2150E333-8FDC-42A3-9474-1A3956D46DE8}") = "app", "app", "{BC045B3E-C2DC-47F7-843B-CB3EB2828DCF}"
EndProject
Project("{FAE04EC0-301F-11D3-BF4B-00C04F79EFBC}") = "PaymentGateway", "app\PaymentGateway\PaymentGateway.csproj", "{B807DE9F-EFCC-43F0-9317-96025F648DBB}"
EndProject
Project("{FAE04EC0-301F-11D3-BF4B-00C04F79EFBC}") = "MockBank", "app\MockBank\MockBank.csproj", "{0D37B086-8892-4046-B5A2-64CADAB3E64D}"
EndProject
Project("{2150E333-8FDC-42A3-9474-1A3956D46DE8}") = "test", "test", "{34F718CD-5D4F-4456-9F60-D07138EA96E7}"
EndProject
Project("{FAE04EC0-301F-11D3-BF4B-00C04F79EFBC}") = "Unit", "test\Unit\Unit.csproj", "{D668B782-46AF-4276-B89A-8D83CD160007}"
EndProject
Global
	GlobalSection(SolutionConfigurationPlatforms) = preSolution
		Debug|Any CPU = Debug|Any CPU
		Debug|x64 = Debug|x64
		Debug|x86 = Debug|x86
		Release|Any CPU = Release|Any CPU
		Release|x64 = Release|x64
		Release|x86 = Release|x86
	EndGlobalSection
	GlobalSection(SolutionProperties) = preSolution
		HideSolutionNode = FALSE
	EndGlobalSection
	GlobalSection(ProjectConfigurationPlatforms) = postSolution
		{B807DE9F-EFCC-43F0-9317-96025F648DBB}.Debug|Any CPU.ActiveCfg = Debug|Any CPU
		{B807DE9F-EFCC-43F0-9317-96025F648DBB}.Debug|Any CPU.Build.0 = Debug|Any CPU
		{B807DE9F-EFCC-43F0-9317-96025F648DBB}.Debug|x64.ActiveCfg = Debug|Any CPU
		{B807DE9F-EFCC-43F0-9317-96025F648DBB}.Debug|x64.Build.0 = Debug|Any CPU
		{B807DE9F-EFCC-43F0-9317-96025F648DBB}.Debug|x86.ActiveCfg = Debug|Any CPU
		{B807DE9F-EFCC-43F0-9317-96025F648DBB}.Debug|x86.Build.0 = Debug|Any CPU
		{B807DE9F-EFCC-43F0-9317-96025F648DBB}.Release|Any CPU.ActiveCfg = Release|Any CPU
		{B807DE9F-EFCC-43F0-9317-96025F648DBB}.Release|Any CPU.Build.0 = Release|Any CPU
		{B807DE9F-EFCC-43F0-9317-96025F648DBB}.Release|x64.ActiveCfg = Release|Any CPU
		{B807DE9F-EFCC-43F0-9317-96025F648DBB}.Release|x64.Build.0 = Release|Any CPU
		{B807DE9F-EFCC-43F0-9317-96025F648DBB}.Release|x86.ActiveCfg = Release|Any CPU
		{B807DE9F-EFCC-43F0-9317-96025F648DBB}.Release|x86.Build.0 = Release|Any CPU
		{0D37B086-8892-4046-B5A2-64CADAB3E64D}.Debug|Any CPU.ActiveCfg = Debug|Any CPU
		{0D37B086-8892-4046-B5A2-64CADAB3E64D}.Debug|Any CPU.Build.0 = Debug|Any CPU
		{0D37B086-8892-4046-B5A2-64CADAB3E64D}.Debug|x64.ActiveCfg = Debug|Any CPU
		{0D37B086-8892-4046-B5A2-64CADAB3E64D}.Debug|x64.Build.0 = Debug|Any CPU
		{0D37B086-8892-4046-B5A2-64CADAB3E64D}.Debug|x86.ActiveCfg = Debug|Any CPU
		{0D37B086-8892-4046-B5A2-64CADAB3E64D}.Debug|x86.Build.0 = Debug|Any CPU
		{0D37B086-8892-4046-B5A2-64CADAB3E64D}.Release|Any CPU.ActiveCfg = Release|Any CPU
		{0D37B086-8892-4046-B5A2-64CADAB3E64D}.Release|Any CPU.Build.0 = Release|Any CPU
		{0D37B086-8892-4046-B5A2-64CADAB3E64D}.Release|x64.ActiveCfg = Release|Any CPU
		{0D37B086-8892-4046-B5A2-64CADAB3E64D}.Release|x64.Build.0 = Release|Any CPU
		{0D37B086-8892-4046-B5A2-64CADAB3E64D}.Release|x86.ActiveCfg = Release|Any CPU
		{0D37B086-8892-4046-B5A2-64CADAB3E64D}.Release|x86.Build.0 = Release|Any CPU
		{D668B782-46AF-4276-B89A-8D83CD160007}.Debug|Any CPU.ActiveCfg = Debug|Any CPU
		{D668B782-46AF-4276-B89A-8D83CD160007}.Debug|Any CPU.Build.0 = Debug|Any CPU
		{D668B782-46AF-4276-B89A-8D83CD160007}.Debug|x64.ActiveCfg = Debug|Any CPU
		{D668B782-46AF-4276-B89A-8D83CD160007}.Debug|x64.Build.0 = Debug|Any CPU
		{D668B782-46AF-4276-B89A-8D83CD160007}.Debug|x86.ActiveCfg = Debug|Any CPU
		{D668B782-46AF-4276-B89A-8D83CD160007}.Debug|x86.Build.0 = Debug|Any CPU
		{D668B782-46AF-4276-B89A-8D83CD160007}.Release|Any CPU.ActiveCfg = Release|Any CPU
		{D668B782-46AF-4276-B89A-8D83CD160007}.Release|Any CPU.Build.0 = Release|Any CPU
		{D668B782-46AF-4276-B89A-8D83CD160007}.Release|x64.ActiveCfg = Release|Any CPU
		{D668B782-46AF-4276-B89A-8D83CD160007}.Release|x64.Build.0 = Release|Any CPU
		{D668B782-46AF-4276-B89A-8D83CD160007}.Release|x86.ActiveCfg = Release|Any CPU
		{D668B782-46AF-4276-B89A-8D83CD160007}.Release|x86.Build.0 = Release|Any CPU
	EndGlobalSection
	GlobalSection(NestedProjects) = preSolution
		{B807DE9F-EFCC-43F0-9317-96025F648DBB} = {BC045B3E-C2DC-47F7-843B-CB3EB2828DCF}
		{0D37B086-8892-4046-B5A2-64CADAB3E64D} = {BC045B3E-C2DC-47F7-843B-CB3EB2828DCF}
		{D668B782-46AF-4276-B89A-8D83CD160007} = {34F718CD-5D4F-4456-9F60-D07138EA96E7}
	EndGlobalSection
EndGlobal
